
Microsoft Visual Studio Solution File, Format Version 12.00
# Visual Studio Version 16
VisualStudioVersion = 16.0.31702.278
MinimumVisualStudioVersion = 10.0.40219.1
Project("{9A19103F-16F7-4668-BE54-9A1E7A4F7556}") = "AWSServerless", "AWSServerless\AWSServerless.csproj", "{EB53F111-61B4-4BEE-AD2E-DA69F2918184}"
EndProject
Project("{9A19103F-16F7-4668-BE54-9A1E7A4F7556}") = "Application", "Application\Application.csproj", "{0E440FB8-53A1-4EFC-9F66-90472EE83C79}"
EndProject
Project("{9A19103F-16F7-4668-BE54-9A1E7A4F7556}") = "DataAccess", "DataAccess\DataAccess.csproj", "{03212925-5494-4436-A584-1FA73AE5396F}"
EndProject
Project("{9A19103F-16F7-4668-BE54-9A1E7A4F7556}") = "Domain", "Domain\Domain.csproj", "{577B7568-BF7E-4744-9160-B2DF917012E8}"
EndProject
Global
	GlobalSection(SolutionConfigurationPlatforms) = preSolution
		Debug|Any CPU = Debug|Any CPU
		Release|Any CPU = Release|Any CPU
	EndGlobalSection
	GlobalSection(ProjectConfigurationPlatforms) = postSolution
		{EB53F111-61B4-4BEE-AD2E-DA69F2918184}.Debug|Any CPU.ActiveCfg = Debug|Any CPU
		{EB53F111-61B4-4BEE-AD2E-DA69F2918184}.Debug|Any CPU.Build.0 = Debug|Any CPU
		{EB53F111-61B4-4BEE-AD2E-DA69F2918184}.Release|Any CPU.ActiveCfg = Release|Any CPU
		{EB53F111-61B4-4BEE-AD2E-DA69F2918184}.Release|Any CPU.Build.0 = Release|Any CPU
		{0E440FB8-53A1-4EFC-9F66-90472EE83C79}.Debug|Any CPU.ActiveCfg = Debug|Any CPU
		{0E440FB8-53A1-4EFC-9F66-90472EE83C79}.Debug|Any CPU.Build.0 = Debug|Any CPU
		{0E440FB8-53A1-4EFC-9F66-90472EE83C79}.Release|Any CPU.ActiveCfg = Release|Any CPU
		{0E440FB8-53A1-4EFC-9F66-90472EE83C79}.Release|Any CPU.Build.0 = Release|Any CPU
		{03212925-5494-4436-A584-1FA73AE5396F}.Debug|Any CPU.ActiveCfg = Debug|Any CPU
		{03212925-5494-4436-A584-1FA73AE5396F}.Debug|Any CPU.Build.0 = Debug|Any CPU
		{03212925-5494-4436-A584-1FA73AE5396F}.Release|Any CPU.ActiveCfg = Release|Any CPU
		{03212925-5494-4436-A584-1FA73AE5396F}.Release|Any CPU.Build.0 = Release|Any CPU
		{577B7568-BF7E-4744-9160-B2DF917012E8}.Debug|Any CPU.ActiveCfg = Debug|Any CPU
		{577B7568-BF7E-4744-9160-B2DF917012E8}.Debug|Any CPU.Build.0 = Debug|Any CPU
		{577B7568-BF7E-4744-9160-B2DF917012E8}.Release|Any CPU.ActiveCfg = Release|Any CPU
		{577B7568-BF7E-4744-9160-B2DF917012E8}.Release|Any CPU.Build.0 = Release|Any CPU
	EndGlobalSection
	GlobalSection(SolutionProperties) = preSolution
		HideSolutionNode = FALSE
	EndGlobalSection
	GlobalSection(ExtensibilityGlobals) = postSolution
		SolutionGuid = {9E2354F2-7C31-434F-A1E7-5CE0F7679276}
	EndGlobalSection
EndGlobal
