
Microsoft Visual Studio Solution File, Format Version 12.00
# Visual Studio Version 16
VisualStudioVersion = 16.0.31424.327
MinimumVisualStudioVersion = 10.0.40219.1
Project("{9A19103F-16F7-4668-BE54-9A1E7A4F7556}") = "SignedURL", "SignedURL\SignedURL.csproj", "{529325F0-F94F-4B3D-AF8F-42EF78401F97}"
EndProject
Project("{FAE04EC0-301F-11D3-BF4B-00C04F79EFBC}") = "DataAccess", "DataAccess\DataAccess.csproj", "{BDB85143-AE59-4C60-8C46-0492B89FB80A}"
EndProject
Project("{FAE04EC0-301F-11D3-BF4B-00C04F79EFBC}") = "Application", "Application\Application.csproj", "{567EB6D5-CBB0-468F-99F1-58EE842D8601}"
EndProject
Project("{FAE04EC0-301F-11D3-BF4B-00C04F79EFBC}") = "Domain", "Domain\Domain.csproj", "{56EB224C-B7E3-45B0-9105-3092C9A863BE}"
EndProject
Global
	GlobalSection(SolutionConfigurationPlatforms) = preSolution
		Debug|Any CPU = Debug|Any CPU
		Release|Any CPU = Release|Any CPU
	EndGlobalSection
	GlobalSection(ProjectConfigurationPlatforms) = postSolution
		{529325F0-F94F-4B3D-AF8F-42EF78401F97}.Debug|Any CPU.ActiveCfg = Debug|Any CPU
		{529325F0-F94F-4B3D-AF8F-42EF78401F97}.Debug|Any CPU.Build.0 = Debug|Any CPU
		{529325F0-F94F-4B3D-AF8F-42EF78401F97}.Release|Any CPU.ActiveCfg = Release|Any CPU
		{529325F0-F94F-4B3D-AF8F-42EF78401F97}.Release|Any CPU.Build.0 = Release|Any CPU
		{BDB85143-AE59-4C60-8C46-0492B89FB80A}.Debug|Any CPU.ActiveCfg = Debug|Any CPU
		{BDB85143-AE59-4C60-8C46-0492B89FB80A}.Debug|Any CPU.Build.0 = Debug|Any CPU
		{BDB85143-AE59-4C60-8C46-0492B89FB80A}.Release|Any CPU.ActiveCfg = Release|Any CPU
		{BDB85143-AE59-4C60-8C46-0492B89FB80A}.Release|Any CPU.Build.0 = Release|Any CPU
		{567EB6D5-CBB0-468F-99F1-58EE842D8601}.Debug|Any CPU.ActiveCfg = Debug|Any CPU
		{567EB6D5-CBB0-468F-99F1-58EE842D8601}.Debug|Any CPU.Build.0 = Debug|Any CPU
		{567EB6D5-CBB0-468F-99F1-58EE842D8601}.Release|Any CPU.ActiveCfg = Release|Any CPU
		{567EB6D5-CBB0-468F-99F1-58EE842D8601}.Release|Any CPU.Build.0 = Release|Any CPU
		{56EB224C-B7E3-45B0-9105-3092C9A863BE}.Debug|Any CPU.ActiveCfg = Debug|Any CPU
		{56EB224C-B7E3-45B0-9105-3092C9A863BE}.Debug|Any CPU.Build.0 = Debug|Any CPU
		{56EB224C-B7E3-45B0-9105-3092C9A863BE}.Release|Any CPU.ActiveCfg = Release|Any CPU
		{56EB224C-B7E3-45B0-9105-3092C9A863BE}.Release|Any CPU.Build.0 = Release|Any CPU
	EndGlobalSection
	GlobalSection(SolutionProperties) = preSolution
		HideSolutionNode = FALSE
	EndGlobalSection
	GlobalSection(ExtensibilityGlobals) = postSolution
		SolutionGuid = {79308C56-9D9A-4F77-9858-AB395BD5F9C7}
	EndGlobalSection
EndGlobal
